
Microsoft Visual Studio Solution File, Format Version 12.00
# Visual Studio Version 17
VisualStudioVersion = 17.9.34607.119
MinimumVisualStudioVersion = 10.0.40219.1
Project("{9A19103F-16F7-4668-BE54-9A1E7A4F7556}") = "VehicleTracking.Web", "VehicleTracking.Web\VehicleTracking.Web.csproj", "{4DF300E6-F2DC-46D6-92EB-262C5A2CC0C9}"
EndProject
Project("{FAE04EC0-301F-11D3-BF4B-00C04F79EFBC}") = "VehicleTracking.Web.Domain", "VehicleTracking.Web.Domain\VehicleTracking.Web.Domain.csproj", "{65903D1A-388D-452C-AAF4-3562F6AAC844}"
EndProject
Global
	GlobalSection(SolutionConfigurationPlatforms) = preSolution
		Debug|Any CPU = Debug|Any CPU
		Release|Any CPU = Release|Any CPU
	EndGlobalSection
	GlobalSection(ProjectConfigurationPlatforms) = postSolution
		{4DF300E6-F2DC-46D6-92EB-262C5A2CC0C9}.Debug|Any CPU.ActiveCfg = Debug|Any CPU
		{4DF300E6-F2DC-46D6-92EB-262C5A2CC0C9}.Debug|Any CPU.Build.0 = Debug|Any CPU
		{4DF300E6-F2DC-46D6-92EB-262C5A2CC0C9}.Release|Any CPU.ActiveCfg = Release|Any CPU
		{4DF300E6-F2DC-46D6-92EB-262C5A2CC0C9}.Release|Any CPU.Build.0 = Release|Any CPU
		{65903D1A-388D-452C-AAF4-3562F6AAC844}.Debug|Any CPU.ActiveCfg = Debug|Any CPU
		{65903D1A-388D-452C-AAF4-3562F6AAC844}.Debug|Any CPU.Build.0 = Debug|Any CPU
		{65903D1A-388D-452C-AAF4-3562F6AAC844}.Release|Any CPU.ActiveCfg = Release|Any CPU
		{65903D1A-388D-452C-AAF4-3562F6AAC844}.Release|Any CPU.Build.0 = Release|Any CPU
	EndGlobalSection
	GlobalSection(SolutionProperties) = preSolution
		HideSolutionNode = FALSE
	EndGlobalSection
	GlobalSection(ExtensibilityGlobals) = postSolution
		SolutionGuid = {EB22B06D-6A80-4153-89F5-1BFE2E6ACDDF}
	EndGlobalSection
EndGlobal
